
Microsoft Visual Studio Solution File, Format Version 12.00
# Visual Studio Version 16
VisualStudioVersion = 16.0.30611.23
MinimumVisualStudioVersion = 10.0.40219.1
Project("{9A19103F-16F7-4668-BE54-9A1E7A4F7556}") = "UserService", "UserService\UserService.csproj", "{898929EB-7966-40CA-819D-85A420CF7D70}"
EndProject
Project("{FAE04EC0-301F-11D3-BF4B-00C04F79EFBC}") = "OcelotAPIGateway", "OcelotAPIGateway\OcelotAPIGateway.csproj", "{34FF9853-63CB-4677-95BF-C7E61F62CDA3}"
EndProject
Global
	GlobalSection(SolutionConfigurationPlatforms) = preSolution
		Debug|Any CPU = Debug|Any CPU
		Release|Any CPU = Release|Any CPU
	EndGlobalSection
	GlobalSection(ProjectConfigurationPlatforms) = postSolution
		{898929EB-7966-40CA-819D-85A420CF7D70}.Debug|Any CPU.ActiveCfg = Debug|Any CPU
		{898929EB-7966-40CA-819D-85A420CF7D70}.Debug|Any CPU.Build.0 = Debug|Any CPU
		{898929EB-7966-40CA-819D-85A420CF7D70}.Release|Any CPU.ActiveCfg = Release|Any CPU
		{898929EB-7966-40CA-819D-85A420CF7D70}.Release|Any CPU.Build.0 = Release|Any CPU
		{34FF9853-63CB-4677-95BF-C7E61F62CDA3}.Debug|Any CPU.ActiveCfg = Debug|Any CPU
		{34FF9853-63CB-4677-95BF-C7E61F62CDA3}.Debug|Any CPU.Build.0 = Debug|Any CPU
		{34FF9853-63CB-4677-95BF-C7E61F62CDA3}.Release|Any CPU.ActiveCfg = Release|Any CPU
		{34FF9853-63CB-4677-95BF-C7E61F62CDA3}.Release|Any CPU.Build.0 = Release|Any CPU
	EndGlobalSection
	GlobalSection(SolutionProperties) = preSolution
		HideSolutionNode = FALSE
	EndGlobalSection
	GlobalSection(ExtensibilityGlobals) = postSolution
		SolutionGuid = {52C8AD2C-E60F-4F71-A90A-1A916E1F30DC}
	EndGlobalSection
EndGlobal
